
Microsoft Visual Studio Solution File, Format Version 12.00
# Visual Studio Version 17
VisualStudioVersion = 17.1.32414.318
MinimumVisualStudioVersion = 10.0.40219.1
Project("{FAE04EC0-301F-11D3-BF4B-00C04F79EFBC}") = "Dice-game", "Dice-game.csproj", "{911351F0-ECF3-4B90-8662-4F3E225C2A8F}"
EndProject
Global
	GlobalSection(SolutionConfigurationPlatforms) = preSolution
		Debug|Any CPU = Debug|Any CPU
		Release|Any CPU = Release|Any CPU
	EndGlobalSection
	GlobalSection(ProjectConfigurationPlatforms) = postSolution
		{911351F0-ECF3-4B90-8662-4F3E225C2A8F}.Debug|Any CPU.ActiveCfg = Debug|Any CPU
		{911351F0-ECF3-4B90-8662-4F3E225C2A8F}.Debug|Any CPU.Build.0 = Debug|Any CPU
		{911351F0-ECF3-4B90-8662-4F3E225C2A8F}.Release|Any CPU.ActiveCfg = Release|Any CPU
		{911351F0-ECF3-4B90-8662-4F3E225C2A8F}.Release|Any CPU.Build.0 = Release|Any CPU
	EndGlobalSection
	GlobalSection(SolutionProperties) = preSolution
		HideSolutionNode = FALSE
	EndGlobalSection
	GlobalSection(ExtensibilityGlobals) = postSolution
		SolutionGuid = {6BF34D0B-000E-43E8-AAB4-9DC22D175F19}
	EndGlobalSection
EndGlobal
